PODS:
  - blinkid_flutter (5.5.0):
    - Flutter
    - PPBlinkID (~> 5.5.0)
  - Flutter (1.0.0)
  - PPBlinkID (5.5.0)

DEPENDENCIES:
  - blinkid_flutter (from `.symlinks/plugins/blinkid_flutter/ios`)
  - Flutter (from `Flutter`)

SPEC REPOS:
  trunk:
    - PPBlinkID

EXTERNAL SOURCES:
  blinkid_flutter:
    :path: ".symlinks/plugins/blinkid_flutter/ios"
  Flutter:
    :path: Flutter

SPEC CHECKSUMS:
  blinkid_flutter: 809c11d656299d4efc421351c6f09b99c3675835
  Flutter: 0e3d915762c693b495b44d77113d4970485de6ec
  PPBlinkID: f3411d4470c345b6cf2ad255d2d325a1d6d1e0bb

PODFILE CHECKSUM: c34e2287a9ccaa606aeceab922830efb9a6ff69a

COCOAPODS: 1.9.1
