PODS:
  - blinkid_flutter (6.10.0):
    - Flutter
    - PPBlinkID (~> 6.11.0)
  - Flutter (1.0.0)
  - permission_handler_apple (9.3.0):
    - Flutter
  - PPBlinkID (6.11.0)

DEPENDENCIES:
  - blinkid_flutter (from `.symlinks/plugins/blinkid_flutter/ios`)
  - Flutter (from `Flutter`)
  - permission_handler_apple (from `.symlinks/plugins/permission_handler_apple/ios`)

SPEC REPOS:
  trunk:
    - PPBlinkID

EXTERNAL SOURCES:
  blinkid_flutter:
    :path: ".symlinks/plugins/blinkid_flutter/ios"
  Flutter:
    :path: Flutter
  permission_handler_apple:
    :path: ".symlinks/plugins/permission_handler_apple/ios"

SPEC CHECKSUMS:
  blinkid_flutter: 48782c1d68d6747a44a1c936b7694a51146fba1f
  Flutter: e0871f40cf51350855a761d2e70bf5af5b9b5de7
  permission_handler_apple: 9878588469a2b0d0fc1e048d9f43605f92e6cec2
  PPBlinkID: 74ebc5cdf66b6bcb0c723094e6726b9c5744ea84

PODFILE CHECKSUM: ab57054b68de21e2d2496fa22ad034febaa3d905

COCOAPODS: 1.15.2
